// !$*UTF8*$!
{
	archiveVersion = 1;
	classes = {
	};
	objectVersion = 50;
	objects = {

/* Begin PBXBuildFile section */
		CE2DEDF423A28F6B00816408 /* AppDelegate.swift in Sources */ = {isa = PBXBuildFile; fileRef = CE2DEDF323A28F6B00816408 /* AppDelegate.swift */; };
		CE2DEDF623A28F6B00816408 /* SceneDelegate.swift in Sources */ = {isa = PBXBuildFile; fileRef = CE2DEDF523A28F6B00816408 /* SceneDelegate.swift */; };
		CE2DEDF823A28F6B00816408 /* FirstViewController.swift in Sources */ = {isa = PBXBuildFile; fileRef = CE2DEDF723A28F6B00816408 /* FirstViewController.swift */; };
		CE2DEDFA23A28F6B00816408 /* SecondViewController.swift in Sources */ = {isa = PBXBuildFile; fileRef = CE2DEDF923A28F6B00816408 /* SecondViewController.swift */; };
		CE2DEDFD23A28F6B00816408 /* Main.storyboard in Resources */ = {isa = PBXBuildFile; fileRef = CE2DEDFB23A28F6B00816408 /* Main.storyboard */; };
		CE2DEDFF23A28F6B00816408 /* Assets.xcassets in Resources */ = {isa = PBXBuildFile; fileRef = CE2DEDFE23A28F6B00816408 /* Assets.xcassets */; };
		CE2DEE0223A28F6B00816408 /* LaunchScreen.storyboard in Resources */ = {isa = PBXBuildFile; fileRef = CE2DEE0023A28F6B00816408 /* LaunchScreen.storyboard */; };
/* End PBXBuildFile section */

/* Begin PBXFileReference section */
		CE2DEDF023A28F6B00816408 /* newsforall.app */ = {isa = PBXFileReference; explicitFileType = wrapper.application; includeInIndex = 0; path = newsforall.app; sourceTree = BUILT_PRODUCTS_DIR; };
		CE2DEDF323A28F6B00816408 /* AppDelegate.swift */ = {isa = PBXFileReference; lastKnownFileType = sourcecode.swift; path = AppDelegate.swift; sourceTree = "<group>"; };
		CE2DEDF523A28F6B00816408 /* SceneDelegate.swift */ = {isa = PBXFileReference; lastKnownFileType = sourcecode.swift; path = SceneDelegate.swift; sourceTree = "<group>"; };
		CE2DEDF723A28F6B00816408 /* FirstViewController.swift */ = {isa = PBXFileReference; lastKnownFileType = sourcecode.swift; path = FirstViewController.swift; sourceTree = "<group>"; };
		CE2DEDF923A28F6B00816408 /* SecondViewController.swift */ = {isa = PBXFileReference; lastKnownFileType = sourcecode.swift; path = SecondViewController.swift; sourceTree = "<group>"; };
		CE2DEDFC23A28F6B00816408 /* Base */ = {isa = PBXFileReference; lastKnownFileType = file.storyboard; name = Base; path = Base.lproj/Main.storyboard; sourceTree = "<group>"; };
		CE2DEDFE23A28F6B00816408 /* Assets.xcassets */ = {isa = PBXFileReference; lastKnownFileType = folder.assetcatalog; path = Assets.xcassets; sourceTree = "<group>"; };
		CE2DEE0123A28F6B00816408 /* Base */ = {isa = PBXFileReference; lastKnownFileType = file.storyboard; name = Base; path = Base.lproj/LaunchScreen.storyboard; sourceTree = "<group>"; };
		CE2DEE0323A28F6B00816408 /* Info.plist */ = {isa = PBXFileReference; lastKnownFileType = text.plist.xml; path = Info.plist; sourceTree = "<group>"; };
/* End PBXFileReference section */

/* Begin PBXFrameworksBuildPhase section */
		CE2DEDED23A28F6B00816408 /* Frameworks */ = {
			isa = PBXFrameworksBuildPhase;
			buildActionMask = 2147483647;
			files = (
			);
			runOnlyForDeploymentPostprocessing = 0;
		};
/* End PBXFrameworksBuildPhase section */

/* Begin PBXGroup section */
		CE2DEDE723A28F6B00816408 = {
			isa = PBXGroup;
			children = (
				CE2DEDF223A28F6B00816408 /* newsforall */,
				CE2DEDF123A28F6B00816408 /* Products */,
			);
			sourceTree = "<group>";
		};
		CE2DEDF123A28F6B00816408 /* Products */ = {
			isa = PBXGroup;
			children = (
				CE2DEDF023A28F6B00816408 /* newsforall.app */,
			);
			name = Products;
			sourceTree = "<group>";
		};
		CE2DEDF223A28F6B00816408 /* newsforall */ = {
			isa = PBXGroup;
			children = (
				CE2DEDF323A28F6B00816408 /* AppDelegate.swift */,
				CE2DEDF523A28F6B00816408 /* SceneDelegate.swift */,
				CE2DEDF723A28F6B00816408 /* FirstViewController.swift */,
				CE2DEDF923A28F6B00816408 /* SecondViewController.swift */,
				CE2DEDFB23A28F6B00816408 /* Main.storyboard */,
				CE2DEDFE23A28F6B00816408 /* Assets.xcassets */,
				CE2DEE0023A28F6B00816408 /* LaunchScreen.storyboard */,
				CE2DEE0323A28F6B00816408 /* Info.plist */,
			);
			path = newsforall;
			sourceTree = "<group>";
		};
/* End PBXGroup section */

/* Begin PBXNativeTarget section */
		CE2DEDEF23A28F6B00816408 /* newsforall */ = {
			isa = PBXNativeTarget;
			buildConfigurationList = CE2DEE0623A28F6B00816408 /* Build configuration list for PBXNativeTarget "newsforall" */;
			buildPhases = (
				CE2DEDEC23A28F6B00816408 /* Sources */,
				CE2DEDED23A28F6B00816408 /* Frameworks */,
				CE2DEDEE23A28F6B00816408 /* Resources */,
			);
			buildRules = (
			);
			dependencies = (
			);
			name = newsforall;
			productName = newsforall;
			productReference = CE2DEDF023A28F6B00816408 /* newsforall.app */;
			productType = "com.apple.product-type.application";
		};
/* End PBXNativeTarget section */

/* Begin PBXProject section */
		CE2DEDE823A28F6B00816408 /* Project object */ = {
			isa = PBXProject;
			attributes = {
				LastSwiftUpdateCheck = 1110;
				LastUpgradeCheck = 1110;
				ORGANIZATIONNAME = MIHCM;
				TargetAttributes = {
					CE2DEDEF23A28F6B00816408 = {
						CreatedOnToolsVersion = 11.1;
					};
				};
			};
			buildConfigurationList = CE2DEDEB23A28F6B00816408 /* Build configuration list for PBXProject "newsforall" */;
			compatibilityVersion = "Xcode 9.3";
			developmentRegion = en;
			hasScannedForEncodings = 0;
			knownRegions = (
				en,
				Base,
			);
			mainGroup = CE2DEDE723A28F6B00816408;
			productRefGroup = CE2DEDF123A28F6B00816408 /* Products */;
			projectDirPath = "";
			projectRoot = "";
			targets = (
				CE2DEDEF23A28F6B00816408 /* newsforall */,
			);
		};
/* End PBXProject section */

/* Begin PBXResourcesBuildPhase section */
		CE2DEDEE23A28F6B00816408 /* Resources */ = {
			isa = PBXResourcesBuildPhase;
			buildActionMask = 2147483647;
			files = (
				CE2DEE0223A28F6B00816408 /* LaunchScreen.storyboard in Resources */,
				CE2DEDFF23A28F6B00816408 /* Assets.xcassets in Resources */,
				CE2DEDFD23A28F6B00816408 /* Main.storyboard in Resources */,
			);
			runOnlyForDeploymentPostprocessing = 0;
		};
/* End PBXResourcesBuildPhase section */

/* Begin PBXSourcesBuildPhase section */
		CE2DEDEC23A28F6B00816408 /* Sources */ = {
			isa = PBXSourcesBuildPhase;
			buildActionMask = 2147483647;
			files = (
				CE2DEDFA23A28F6B00816408 /* SecondViewController.swift in Sources */,
				CE2DEDF823A28F6B00816408 /* FirstViewController.swift in Sources */,
				CE2DEDF423A28F6B00816408 /* AppDelegate.swift in Sources */,
				CE2DEDF623A28F6B00816408 /* SceneDelegate.swift in Sources */,
			);
			runOnlyForDeploymentPostprocessing = 0;
		};
/* End PBXSourcesBuildPhase section */

/* Begin PBXVariantGroup section */
		CE2DEDFB23A28F6B00816408 /* Main.storyboard */ = {
			isa = PBXVariantGroup;
			children = (
				CE2DEDFC23A28F6B00816408 /* Base */,
			);
			name = Main.storyboard;
			sourceTree = "<group>";
		};
		CE2DEE0023A28F6B00816408 /* LaunchScreen.storyboard */ = {
			isa = PBXVariantGroup;
			children = (
				CE2DEE0123A28F6B00816408 /* Base */,
			);
			name = LaunchScreen.storyboard;
			sourceTree = "<group>";
		};
/* End PBXVariantGroup section */

/* Begin XCBuildConfiguration section */
		CE2DEE0423A28F6B00816408 /* Debug */ = {
			isa = XCBuildConfiguration;
			buildSettings = {
				ALWAYS_SEARCH_USER_PATHS = NO;
				CLANG_ANALYZER_NONNULL = YES;
				CLANG_ANALYZER_NUMBER_OBJECT_CONVERSION = YES_AGGRESSIVE;
				CLANG_CXX_LANGUAGE_STANDARD = "gnu++14";
				CLANG_CXX_LIBRARY = "libc++";
				CLANG_ENABLE_MODULES = YES;
				CLANG_ENABLE_OBJC_ARC = YES;
				CLANG_ENABLE_OBJC_WEAK = YES;
				CLANG_WARN_BLOCK_CAPTURE_AUTORELEASING = YES;
				CLANG_WARN_BOOL_CONVERSION = YES;
				CLANG_WARN_COMMA = YES;
				CLANG_WARN_CONSTANT_CONVERSION = YES;
				CLANG_WARN_DEPRECATED_OBJC_IMPLEMENTATIONS = YES;
				CLANG_WARN_DIRECT_OBJC_ISA_USAGE = YES_ERROR;
				CLANG_WARN_DOCUMENTATION_COMMENTS = YES;
				CLANG_WARN_EMPTY_BODY = YES;
				CLANG_WARN_ENUM_CONVERSION = YES;
				CLANG_WARN_INFINITE_RECURSION = YES;
				CLANG_WARN_INT_CONVERSION = YES;
				CLANG_WARN_NON_LITERAL_NULL_CONVERSION = YES;
				CLANG_WARN_OBJC_IMPLICIT_RETAIN_SELF = YES;
				CLANG_WARN_OBJC_LITERAL_CONVERSION = YES;
				CLANG_WARN_OBJC_ROOT_CLASS = YES_ERROR;
				CLANG_WARN_RANGE_LOOP_ANALYSIS = YES;
				CLANG_WARN_STRICT_PROTOTYPES = YES;
				CLANG_WARN_SUSPICIOUS_MOVE = YES;
				CLANG_WARN_UNGUARDED_AVAILABILITY = YES_AGGRESSIVE;
				CLANG_WARN_UNREACHABLE_CODE = YES;
				CLANG_WARN__DUPLICATE_METHOD_MATCH = YES;
				COPY_PHASE_STRIP = NO;
				DEBUG_INFORMATION_FORMAT = dwarf;
				ENABLE_STRICT_OBJC_MSGSEND = YES;
				ENABLE_TESTABILITY = YES;
				GCC_C_LANGUAGE_STANDARD = gnu11;
				GCC_DYNAMIC_NO_PIC = NO;
				GCC_NO_COMMON_BLOCKS = YES;
				GCC_OPTIMIZATION_LEVEL = 0;
				GCC_PREPROCESSOR_DEFINITIONS = (
					"DEBUG=1",
					"$(inherited)",
				);
				GCC_WARN_64_TO_32_BIT_CONVERSION = YES;
				GCC_WARN_ABOUT_RETURN_TYPE = YES_ERROR;
				GCC_WARN_UNDECLARED_SELECTOR = YES;
				GCC_WARN_UNINITIALIZED_AUTOS = YES_AGGRESSIVE;
				GCC_WARN_UNUSED_FUNCTION = YES;
				GCC_WARN_UNUSED_VARIABLE = YES;
				IPHONEOS_DEPLOYMENT_TARGET = 13.1;
				MTL_ENABLE_DEBUG_INFO = INCLUDE_SOURCE;
				MTL_FAST_MATH = YES;
				ONLY_ACTIVE_ARCH = YES;
				SDKROOT = iphoneos;
				SWIFT_ACTIVE_COMPILATION_CONDITIONS = DEBUG;
				SWIFT_OPTIMIZATION_LEVEL = "-Onone";
			};
			name = Debug;
		};
		CE2DEE0523A28F6B00816408 /* Release */ = {
			isa = XCBuildConfiguration;
			buildSettings = {
				ALWAYS_SEARCH_USER_PATHS = NO;
				CLANG_ANALYZER_NONNULL = YES;
				CLANG_ANALYZER_NUMBER_OBJECT_CONVERSION = YES_AGGRESSIVE;
				CLANG_CXX_LANGUAGE_STANDARD = "gnu++14";
				CLANG_CXX_LIBRARY = "libc++";
				CLANG_ENABLE_MODULES = YES;
				CLANG_ENABLE_OBJC_ARC = YES;
				CLANG_ENABLE_OBJC_WEAK = YES;
				CLANG_WARN_BLOCK_CAPTURE_AUTORELEASING = YES;
				CLANG_WARN_BOOL_CONVERSION = YES;
				CLANG_WARN_COMMA = YES;
				CLANG_WARN_CONSTANT_CONVERSION = YES;
				CLANG_WARN_DEPRECATED_OBJC_IMPLEMENTATIONS = YES;
				CLANG_WARN_DIRECT_OBJC_ISA_USAGE = YES_ERROR;
				CLANG_WARN_DOCUMENTATION_COMMENTS = YES;
				CLANG_WARN_EMPTY_BODY = YES;
				CLANG_WARN_ENUM_CONVERSION = YES;
				CLANG_WARN_INFINITE_RECURSION = YES;
				CLANG_WARN_INT_CONVERSION = YES;
				CLANG_WARN_NON_LITERAL_NULL_CONVERSION = YES;
				CLANG_WARN_OBJC_IMPLICIT_RETAIN_SELF = YES;
				CLANG_WARN_OBJC_LITERAL_CONVERSION = YES;
				CLANG_WARN_OBJC_ROOT_CLASS = YES_ERROR;
				CLANG_WARN_RANGE_LOOP_ANALYSIS = YES;
				CLANG_WARN_STRICT_PROTOTYPES = YES;
				CLANG_WARN_SUSPICIOUS_MOVE = YES;
				CLANG_WARN_UNGUARDED_AVAILABILITY = YES_AGGRESSIVE;
				CLANG_WARN_UNREACHABLE_CODE = YES;
				CLANG_WARN__DUPLICATE_METHOD_MATCH = YES;
				COPY_PHASE_STRIP = NO;
				DEBUG_INFORMATION_FORMAT = "dwarf-with-dsym";
				ENABLE_NS_ASSERTIONS = NO;
				ENABLE_STRICT_OBJC_MSGSEND = YES;
				GCC_C_LANGUAGE_STANDARD = gnu11;
				GCC_NO_COMMON_BLOCKS = YES;
				GCC_WARN_64_TO_32_BIT_CONVERSION = YES;
				GCC_WARN_ABOUT_RETURN_TYPE = YES_ERROR;
				GCC_WARN_UNDECLARED_SELECTOR = YES;
				GCC_WARN_UNINITIALIZED_AUTOS = YES_AGGRESSIVE;
				GCC_WARN_UNUSED_FUNCTION = YES;
				GCC_WARN_UNUSED_VARIABLE = YES;
				IPHONEOS_DEPLOYMENT_TARGET = 13.1;
				MTL_ENABLE_DEBUG_INFO = NO;
				MTL_FAST_MATH = YES;
				SDKROOT = iphoneos;
				SWIFT_COMPILATION_MODE = wholemodule;
				SWIFT_OPTIMIZATION_LEVEL = "-O";
				VALIDATE_PRODUCT = YES;
			};
			name = Release;
		};
		CE2DEE0723A28F6B00816408 /* Debug */ = {
			isa = XCBuildConfiguration;
			buildSettings = {
				ASSETCATALOG_COMPILER_APPICON_NAME = AppIcon;
				CODE_SIGN_STYLE = Automatic;
				DEVELOPMENT_TEAM = 8LN88S2WJ6;
				INFOPLIST_FILE = newsforall/Info.plist;
				LD_RUNPATH_SEARCH_PATHS = (
					"$(inherited)",
					"@executable_path/Frameworks",
				);
				PRODUCT_BUNDLE_IDENTIFIER = com.ravindu.newsforall;
				PRODUCT_NAME = "$(TARGET_NAME)";
				SWIFT_VERSION = 5.0;
				TARGETED_DEVICE_FAMILY = "1,2";
			};
			name = Debug;
		};
		CE2DEE0823A28F6B00816408 /* Release */ = {
			isa = XCBuildConfiguration;
			buildSettings = {
				ASSETCATALOG_COMPILER_APPICON_NAME = AppIcon;
				CODE_SIGN_STYLE = Automatic;
				DEVELOPMENT_TEAM = 8LN88S2WJ6;
				INFOPLIST_FILE = newsforall/Info.plist;
				LD_RUNPATH_SEARCH_PATHS = (
					"$(inherited)",
					"@executable_path/Frameworks",
				);
				PRODUCT_BUNDLE_IDENTIFIER = com.ravindu.newsforall;
				PRODUCT_NAME = "$(TARGET_NAME)";
				SWIFT_VERSION = 5.0;
				TARGETED_DEVICE_FAMILY = "1,2";
			};
			name = Release;
		};
/* End XCBuildConfiguration section */

/* Begin XCConfigurationList section */
		CE2DEDEB23A28F6B00816408 /* Build configuration list for PBXProject "newsforall" */ = {
			isa = XCConfigurationList;
			buildConfigurations = (
				CE2DEE0423A28F6B00816408 /* Debug */,
				CE2DEE0523A28F6B00816408 /* Release */,
			);
			defaultConfigurationIsVisible = 0;
			defaultConfigurationName = Release;
		};
		CE2DEE0623A28F6B00816408 /* Build configuration list for PBXNativeTarget "newsforall" */ = {
			isa = XCConfigurationList;
			buildConfigurations = (
				CE2DEE0723A28F6B00816408 /* Debug */,
				CE2DEE0823A28F6B00816408 /* Release */,
			);
			defaultConfigurationIsVisible = 0;
			defaultConfigurationName = Release;
		};
/* End XCConfigurationList section */
	};
	rootObject = CE2DEDE823A28F6B00816408 /* Project object */;
}
